
Microsoft Visual Studio Solution File, Format Version 12.00
# Visual Studio Version 16
VisualStudioVersion = 16.0.29215.179
MinimumVisualStudioVersion = 10.0.40219.1
Project("{8BC9CEB8-8B4A-11D0-8D11-00A0C91BC942}") = "Задание 2", "Задание 2\Задание 2.vcxproj", "{FF7B48E7-2DCA-4378-98BD-01B327E56B50}"
EndProject
Global
	GlobalSection(SolutionConfigurationPlatforms) = preSolution
		Debug|x64 = Debug|x64
		Debug|x86 = Debug|x86
		Release|x64 = Release|x64
		Release|x86 = Release|x86
	EndGlobalSection
	GlobalSection(ProjectConfigurationPlatforms) = postSolution
		{FF7B48E7-2DCA-4378-98BD-01B327E56B50}.Debug|x64.ActiveCfg = Debug|x64
		{FF7B48E7-2DCA-4378-98BD-01B327E56B50}.Debug|x64.Build.0 = Debug|x64
		{FF7B48E7-2DCA-4378-98BD-01B327E56B50}.Debug|x86.ActiveCfg = Debug|Win32
		{FF7B48E7-2DCA-4378-98BD-01B327E56B50}.Debug|x86.Build.0 = Debug|Win32
		{FF7B48E7-2DCA-4378-98BD-01B327E56B50}.Release|x64.ActiveCfg = Release|x64
		{FF7B48E7-2DCA-4378-98BD-01B327E56B50}.Release|x64.Build.0 = Release|x64
		{FF7B48E7-2DCA-4378-98BD-01B327E56B50}.Release|x86.ActiveCfg = Release|Win32
		{FF7B48E7-2DCA-4378-98BD-01B327E56B50}.Release|x86.Build.0 = Release|Win32
	EndGlobalSection
	GlobalSection(SolutionProperties) = preSolution
		HideSolutionNode = FALSE
	EndGlobalSection
	GlobalSection(ExtensibilityGlobals) = postSolution
		SolutionGuid = {FE268790-9395-4B32-A5A0-6BA4DC5E4445}
	EndGlobalSection
EndGlobal
