
Microsoft Visual Studio Solution File, Format Version 12.00
# Visual Studio Version 16
VisualStudioVersion = 16.0.29215.179
MinimumVisualStudioVersion = 10.0.40219.1
Project("{8BC9CEB8-8B4A-11D0-8D11-00A0C91BC942}") = "Задание 1", "Задание 1\Задание 1.vcxproj", "{B09AED0D-4B84-4640-AE6B-D58308F2D13C}"
EndProject
Global
	GlobalSection(SolutionConfigurationPlatforms) = preSolution
		Debug|x64 = Debug|x64
		Debug|x86 = Debug|x86
		Release|x64 = Release|x64
		Release|x86 = Release|x86
	EndGlobalSection
	GlobalSection(ProjectConfigurationPlatforms) = postSolution
		{B09AED0D-4B84-4640-AE6B-D58308F2D13C}.Debug|x64.ActiveCfg = Debug|x64
		{B09AED0D-4B84-4640-AE6B-D58308F2D13C}.Debug|x64.Build.0 = Debug|x64
		{B09AED0D-4B84-4640-AE6B-D58308F2D13C}.Debug|x86.ActiveCfg = Debug|Win32
		{B09AED0D-4B84-4640-AE6B-D58308F2D13C}.Debug|x86.Build.0 = Debug|Win32
		{B09AED0D-4B84-4640-AE6B-D58308F2D13C}.Release|x64.ActiveCfg = Release|x64
		{B09AED0D-4B84-4640-AE6B-D58308F2D13C}.Release|x64.Build.0 = Release|x64
		{B09AED0D-4B84-4640-AE6B-D58308F2D13C}.Release|x86.ActiveCfg = Release|Win32
		{B09AED0D-4B84-4640-AE6B-D58308F2D13C}.Release|x86.Build.0 = Release|Win32
	EndGlobalSection
	GlobalSection(SolutionProperties) = preSolution
		HideSolutionNode = FALSE
	EndGlobalSection
	GlobalSection(ExtensibilityGlobals) = postSolution
		SolutionGuid = {3660AAC2-41B3-4F4D-A11B-015EB4E62D22}
	EndGlobalSection
EndGlobal
